
Microsoft Visual Studio Solution File, Format Version 12.00
# Visual Studio Version 17
VisualStudioVersion = 17.9.34728.123
MinimumVisualStudioVersion = 10.0.40219.1
Project("{FAE04EC0-301F-11D3-BF4B-00C04F79EFBC}") = "Avengers_vs_Invaders", "Avengers_vs_Invaders\Avengers_vs_Invaders.csproj", "{C7EE26C6-22BB-4AD5-994C-6343C076812F}"
EndProject
Project("{FAE04EC0-301F-11D3-BF4B-00C04F79EFBC}") = "Core", "Core\Core.csproj", "{F7563D71-7CE4-4D25-920C-3B7123A09B14}"
EndProject
Global
	GlobalSection(SolutionConfigurationPlatforms) = preSolution
		Debug|Any CPU = Debug|Any CPU
		Release|Any CPU = Release|Any CPU
	EndGlobalSection
	GlobalSection(ProjectConfigurationPlatforms) = postSolution
		{C7EE26C6-22BB-4AD5-994C-6343C076812F}.Debug|Any CPU.ActiveCfg = Debug|Any CPU
		{C7EE26C6-22BB-4AD5-994C-6343C076812F}.Debug|Any CPU.Build.0 = Debug|Any CPU
		{C7EE26C6-22BB-4AD5-994C-6343C076812F}.Release|Any CPU.ActiveCfg = Release|Any CPU
		{C7EE26C6-22BB-4AD5-994C-6343C076812F}.Release|Any CPU.Build.0 = Release|Any CPU
		{F7563D71-7CE4-4D25-920C-3B7123A09B14}.Debug|Any CPU.ActiveCfg = Debug|Any CPU
		{F7563D71-7CE4-4D25-920C-3B7123A09B14}.Debug|Any CPU.Build.0 = Debug|Any CPU
		{F7563D71-7CE4-4D25-920C-3B7123A09B14}.Release|Any CPU.ActiveCfg = Release|Any CPU
		{F7563D71-7CE4-4D25-920C-3B7123A09B14}.Release|Any CPU.Build.0 = Release|Any CPU
	EndGlobalSection
	GlobalSection(SolutionProperties) = preSolution
		HideSolutionNode = FALSE
	EndGlobalSection
	GlobalSection(ExtensibilityGlobals) = postSolution
		SolutionGuid = {154ED5AB-8479-4F8E-B980-2EF740CDF790}
	EndGlobalSection
EndGlobal
